
Microsoft Visual Studio Solution File, Format Version 12.00
# Visual Studio Version 16
VisualStudioVersion = 16.0.31729.503
MinimumVisualStudioVersion = 10.0.40219.1
Project("{FAE04EC0-301F-11D3-BF4B-00C04F79EFBC}") = "Test List", "Test List\Test List.csproj", "{A43304CD-05F0-4C14-96A6-7C422CD91A39}"
EndProject
Global
	GlobalSection(SolutionConfigurationPlatforms) = preSolution
		Debug|Any CPU = Debug|Any CPU
		Release|Any CPU = Release|Any CPU
	EndGlobalSection
	GlobalSection(ProjectConfigurationPlatforms) = postSolution
		{A43304CD-05F0-4C14-96A6-7C422CD91A39}.Debug|Any CPU.ActiveCfg = Debug|Any CPU
		{A43304CD-05F0-4C14-96A6-7C422CD91A39}.Debug|Any CPU.Build.0 = Debug|Any CPU
		{A43304CD-05F0-4C14-96A6-7C422CD91A39}.Release|Any CPU.ActiveCfg = Release|Any CPU
		{A43304CD-05F0-4C14-96A6-7C422CD91A39}.Release|Any CPU.Build.0 = Release|Any CPU
	EndGlobalSection
	GlobalSection(SolutionProperties) = preSolution
		HideSolutionNode = FALSE
	EndGlobalSection
	GlobalSection(ExtensibilityGlobals) = postSolution
		SolutionGuid = {F2EEE4E6-A390-41AF-8EAE-D9AD64BABA03}
	EndGlobalSection
EndGlobal
